
Microsoft Visual Studio Solution File, Format Version 12.00
# Visual Studio Version 16
VisualStudioVersion = 16.0.31005.135
MinimumVisualStudioVersion = 10.0.40219.1
Project("{FAE04EC0-301F-11D3-BF4B-00C04F79EFBC}") = "Course", "Course\Course.csproj", "{F9B16AC5-C29D-4E3C-8365-B2405F2069BD}"
EndProject
Project("{9A19103F-16F7-4668-BE54-9A1E7A4F7556}") = "Attributes", "..\..\Course\Course\Attributes\Attributes\Attributes\Attributes.csproj", "{82A0B69E-B25B-4957-A504-8C77C502591F}"
EndProject
Project("{9A19103F-16F7-4668-BE54-9A1E7A4F7556}") = "GameProject", "..\..\Course\Course\Attributes\Attributes\GameProject\GameProject.csproj", "{DAC51FE1-678D-4DA2-956B-EB61C5DAF1DC}"
EndProject
Project("{9A19103F-16F7-4668-BE54-9A1E7A4F7556}") = "InterfaceAbstractDemo", "..\..\Course\Course\Attributes\Attributes\InterfaceAbstractDemo\InterfaceAbstractDemo.csproj", "{774EE2CB-5D87-403E-9FC8-B59E3FBC68B5}"
EndProject
Project("{9A19103F-16F7-4668-BE54-9A1E7A4F7556}") = "LinqProject", "..\..\Course\Course\Attributes\Attributes\LinqProject\LinqProject.csproj", "{0C8167D7-FC30-4772-87E1-60CDD5CD932D}"
EndProject
Project("{9A19103F-16F7-4668-BE54-9A1E7A4F7556}") = "Reflection", "..\..\Course\Course\Attributes\Attributes\Reflection\Reflection.csproj", "{FFEE80EE-12FE-4499-A216-6EEFEBCADD3E}"
EndProject
Global
	GlobalSection(SolutionConfigurationPlatforms) = preSolution
		Debug|Any CPU = Debug|Any CPU
		Release|Any CPU = Release|Any CPU
	EndGlobalSection
	GlobalSection(ProjectConfigurationPlatforms) = postSolution
		{F9B16AC5-C29D-4E3C-8365-B2405F2069BD}.Debug|Any CPU.ActiveCfg = Debug|Any CPU
		{F9B16AC5-C29D-4E3C-8365-B2405F2069BD}.Debug|Any CPU.Build.0 = Debug|Any CPU
		{F9B16AC5-C29D-4E3C-8365-B2405F2069BD}.Release|Any CPU.ActiveCfg = Release|Any CPU
		{F9B16AC5-C29D-4E3C-8365-B2405F2069BD}.Release|Any CPU.Build.0 = Release|Any CPU
		{82A0B69E-B25B-4957-A504-8C77C502591F}.Debug|Any CPU.ActiveCfg = Debug|Any CPU
		{82A0B69E-B25B-4957-A504-8C77C502591F}.Debug|Any CPU.Build.0 = Debug|Any CPU
		{82A0B69E-B25B-4957-A504-8C77C502591F}.Release|Any CPU.ActiveCfg = Release|Any CPU
		{82A0B69E-B25B-4957-A504-8C77C502591F}.Release|Any CPU.Build.0 = Release|Any CPU
		{DAC51FE1-678D-4DA2-956B-EB61C5DAF1DC}.Debug|Any CPU.ActiveCfg = Debug|Any CPU
		{DAC51FE1-678D-4DA2-956B-EB61C5DAF1DC}.Debug|Any CPU.Build.0 = Debug|Any CPU
		{DAC51FE1-678D-4DA2-956B-EB61C5DAF1DC}.Release|Any CPU.ActiveCfg = Release|Any CPU
		{DAC51FE1-678D-4DA2-956B-EB61C5DAF1DC}.Release|Any CPU.Build.0 = Release|Any CPU
		{774EE2CB-5D87-403E-9FC8-B59E3FBC68B5}.Debug|Any CPU.ActiveCfg = Debug|Any CPU
		{774EE2CB-5D87-403E-9FC8-B59E3FBC68B5}.Debug|Any CPU.Build.0 = Debug|Any CPU
		{774EE2CB-5D87-403E-9FC8-B59E3FBC68B5}.Release|Any CPU.ActiveCfg = Release|Any CPU
		{774EE2CB-5D87-403E-9FC8-B59E3FBC68B5}.Release|Any CPU.Build.0 = Release|Any CPU
		{0C8167D7-FC30-4772-87E1-60CDD5CD932D}.Debug|Any CPU.ActiveCfg = Debug|Any CPU
		{0C8167D7-FC30-4772-87E1-60CDD5CD932D}.Debug|Any CPU.Build.0 = Debug|Any CPU
		{0C8167D7-FC30-4772-87E1-60CDD5CD932D}.Release|Any CPU.ActiveCfg = Release|Any CPU
		{0C8167D7-FC30-4772-87E1-60CDD5CD932D}.Release|Any CPU.Build.0 = Release|Any CPU
		{FFEE80EE-12FE-4499-A216-6EEFEBCADD3E}.Debug|Any CPU.ActiveCfg = Debug|Any CPU
		{FFEE80EE-12FE-4499-A216-6EEFEBCADD3E}.Debug|Any CPU.Build.0 = Debug|Any CPU
		{FFEE80EE-12FE-4499-A216-6EEFEBCADD3E}.Release|Any CPU.ActiveCfg = Release|Any CPU
		{FFEE80EE-12FE-4499-A216-6EEFEBCADD3E}.Release|Any CPU.Build.0 = Release|Any CPU
	EndGlobalSection
	GlobalSection(SolutionProperties) = preSolution
		HideSolutionNode = FALSE
	EndGlobalSection
	GlobalSection(ExtensibilityGlobals) = postSolution
		SolutionGuid = {8C3AC370-5C6A-4BF5-98BD-AF4CC83E992A}
	EndGlobalSection
EndGlobal
